{
  "name": "vscode-test-adapter-api",
  "version": "1.7.0",
  "lockfileVersion": 1,
  "requires": true,
  "dependencies": {
    "@types/vscode": {
      "version": "1.23.0",
      "resolved": "https://registry.npmjs.org/@types/vscode/-/vscode-1.23.0.tgz",
      "integrity": "sha512-gMIEQTtt84M2PglQ8pmuanc9I8TZIHkK9bWz8teandxZX5o+gGGdbt0bfA5OMtotDqf3Ni+iRW5YaZCJFzJ07A==",
      "dev": true
    },
    "typescript": {
      "version": "3.7.5",
      "resolved": "https://registry.npmjs.org/typescript/-/typescript-3.7.5.tgz",
      "integrity": "sha512-/P5lkRXkWHNAbcJIiHPfRoKqyd7bsyCma1hZNUGfn20qm64T6ZBlrzprymeu918H+mB/0rIg2gGK/BXkhhYgBw==",
      "dev": true
    }
  }
}
