{
  "name": "vscode-test-adapter-api",
  "version": "1.8.0",
  "lockfileVersion": 1,
  "requires": true,
  "dependencies": {
    "@types/vscode": {
      "version": "1.23.0",
      "resolved": "https://registry.npmjs.org/@types/vscode/-/vscode-1.23.0.tgz",
      "integrity": "sha512-gMIEQTtt84M2PglQ8pmuanc9I8TZIHkK9bWz8teandxZX5o+gGGdbt0bfA5OMtotDqf3Ni+iRW5YaZCJFzJ07A==",
      "dev": true
    },
    "typescript": {
      "version": "3.9.3",
      "resolved": "https://registry.npmjs.org/typescript/-/typescript-3.9.3.tgz",
      "integrity": "sha512-D/wqnB2xzNFIcoBG9FG8cXRDjiqSTbG2wd8DMZeQyJlP1vfTkIxH4GKveWaEBYySKIg+USu+E+EDIR47SqnaMQ==",
      "dev": true
    }
  }
}
